
Microsoft Visual Studio Solution File, Format Version 12.00
# Visual Studio 15
VisualStudioVersion = 15.0.28307.136
MinimumVisualStudioVersion = 10.0.40219.1
Project("{FAE04EC0-301F-11D3-BF4B-00C04F79EFBC}") = "FrameExtruderWin", "FrameExtruderWin\FrameExtruderWin.csproj", "{FC25598E-5D7D-4E73-954F-7C7DAE661117}"
EndProject
Global
	GlobalSection(SolutionConfigurationPlatforms) = preSolution
		Debug|Any CPU = Debug|Any CPU
		Release|Any CPU = Release|Any CPU
	EndGlobalSection
	GlobalSection(ProjectConfigurationPlatforms) = postSolution
		{FC25598E-5D7D-4E73-954F-7C7DAE661117}.Debug|Any CPU.ActiveCfg = Debug|Any CPU
		{FC25598E-5D7D-4E73-954F-7C7DAE661117}.Debug|Any CPU.Build.0 = Debug|Any CPU
		{FC25598E-5D7D-4E73-954F-7C7DAE661117}.Release|Any CPU.ActiveCfg = Release|Any CPU
		{FC25598E-5D7D-4E73-954F-7C7DAE661117}.Release|Any CPU.Build.0 = Release|Any CPU
	EndGlobalSection
	GlobalSection(SolutionProperties) = preSolution
		HideSolutionNode = FALSE
	EndGlobalSection
	GlobalSection(ExtensibilityGlobals) = postSolution
		SolutionGuid = {E48BDFF1-2B23-4350-8EE6-B2620D0AAE44}
	EndGlobalSection
EndGlobal
